
Microsoft Visual Studio Solution File, Format Version 12.00
# Visual Studio Version 17
VisualStudioVersion = 17.9.34902.65
MinimumVisualStudioVersion = 10.0.40219.1
Project("{2150E333-8FDC-42A3-9474-1A3956D46DE8}") = "src", "src", "{F6F60DA5-89D5-4649-9CD8-978E30781E54}"
EndProject
Project("{2150E333-8FDC-42A3-9474-1A3956D46DE8}") = "API", "API", "{653EF113-5721-45CF-8184-012E3934E8BD}"
EndProject
Project("{2150E333-8FDC-42A3-9474-1A3956D46DE8}") = "Core", "Core", "{A05F7896-D26E-4479-8155-B3C19DC7142B}"
EndProject
Project("{2150E333-8FDC-42A3-9474-1A3956D46DE8}") = "Infrastructure", "Infrastructure", "{FD443B53-4336-4EB5-B0FC-42617966E507}"
EndProject
Project("{FAE04EC0-301F-11D3-BF4B-00C04F79EFBC}") = "PowerplantDispatch.Domain", "PowerplantDispatch.Domain\PowerplantDispatch.Domain.csproj", "{72C0C3FA-C397-4CBB-A2DF-BCF3CE73ABE5}"
EndProject
Project("{FAE04EC0-301F-11D3-BF4B-00C04F79EFBC}") = "PowerplantDispatch.Application", "PowerplantDispatch.Application\PowerplantDispatch.Application.csproj", "{F2D6D096-895A-4924-873D-FF68B922B865}"
EndProject
Project("{FAE04EC0-301F-11D3-BF4B-00C04F79EFBC}") = "PowerplantDispatch.Persistence", "PowerplantDispatch.Persistence\PowerplantDispatch.Persistence.csproj", "{CE5BC29E-5BD1-420F-85E8-9AAEC40FCFBF}"
EndProject
Project("{FAE04EC0-301F-11D3-BF4B-00C04F79EFBC}") = "PowerplantDispatch.API", "PowerplantDispatch.API\PowerplantDispatch.API.csproj", "{53C5BB20-BDD7-4057-AF96-CB2A0065394C}"
EndProject
Global
	GlobalSection(SolutionConfigurationPlatforms) = preSolution
		Debug|Any CPU = Debug|Any CPU
		Release|Any CPU = Release|Any CPU
	EndGlobalSection
	GlobalSection(ProjectConfigurationPlatforms) = postSolution
		{72C0C3FA-C397-4CBB-A2DF-BCF3CE73ABE5}.Debug|Any CPU.ActiveCfg = Debug|Any CPU
		{72C0C3FA-C397-4CBB-A2DF-BCF3CE73ABE5}.Debug|Any CPU.Build.0 = Debug|Any CPU
		{72C0C3FA-C397-4CBB-A2DF-BCF3CE73ABE5}.Release|Any CPU.ActiveCfg = Release|Any CPU
		{72C0C3FA-C397-4CBB-A2DF-BCF3CE73ABE5}.Release|Any CPU.Build.0 = Release|Any CPU
		{F2D6D096-895A-4924-873D-FF68B922B865}.Debug|Any CPU.ActiveCfg = Debug|Any CPU
		{F2D6D096-895A-4924-873D-FF68B922B865}.Debug|Any CPU.Build.0 = Debug|Any CPU
		{F2D6D096-895A-4924-873D-FF68B922B865}.Release|Any CPU.ActiveCfg = Release|Any CPU
		{F2D6D096-895A-4924-873D-FF68B922B865}.Release|Any CPU.Build.0 = Release|Any CPU
		{CE5BC29E-5BD1-420F-85E8-9AAEC40FCFBF}.Debug|Any CPU.ActiveCfg = Debug|Any CPU
		{CE5BC29E-5BD1-420F-85E8-9AAEC40FCFBF}.Debug|Any CPU.Build.0 = Debug|Any CPU
		{CE5BC29E-5BD1-420F-85E8-9AAEC40FCFBF}.Release|Any CPU.ActiveCfg = Release|Any CPU
		{CE5BC29E-5BD1-420F-85E8-9AAEC40FCFBF}.Release|Any CPU.Build.0 = Release|Any CPU
		{53C5BB20-BDD7-4057-AF96-CB2A0065394C}.Debug|Any CPU.ActiveCfg = Debug|Any CPU
		{53C5BB20-BDD7-4057-AF96-CB2A0065394C}.Debug|Any CPU.Build.0 = Debug|Any CPU
		{53C5BB20-BDD7-4057-AF96-CB2A0065394C}.Release|Any CPU.ActiveCfg = Release|Any CPU
		{53C5BB20-BDD7-4057-AF96-CB2A0065394C}.Release|Any CPU.Build.0 = Release|Any CPU
	EndGlobalSection
	GlobalSection(SolutionProperties) = preSolution
		HideSolutionNode = FALSE
	EndGlobalSection
	GlobalSection(NestedProjects) = preSolution
		{653EF113-5721-45CF-8184-012E3934E8BD} = {F6F60DA5-89D5-4649-9CD8-978E30781E54}
		{A05F7896-D26E-4479-8155-B3C19DC7142B} = {F6F60DA5-89D5-4649-9CD8-978E30781E54}
		{FD443B53-4336-4EB5-B0FC-42617966E507} = {F6F60DA5-89D5-4649-9CD8-978E30781E54}
		{72C0C3FA-C397-4CBB-A2DF-BCF3CE73ABE5} = {A05F7896-D26E-4479-8155-B3C19DC7142B}
		{F2D6D096-895A-4924-873D-FF68B922B865} = {A05F7896-D26E-4479-8155-B3C19DC7142B}
		{CE5BC29E-5BD1-420F-85E8-9AAEC40FCFBF} = {FD443B53-4336-4EB5-B0FC-42617966E507}
		{53C5BB20-BDD7-4057-AF96-CB2A0065394C} = {653EF113-5721-45CF-8184-012E3934E8BD}
	EndGlobalSection
	GlobalSection(ExtensibilityGlobals) = postSolution
		SolutionGuid = {04D6B0EA-EC56-4796-B038-3B004FCAA286}
	EndGlobalSection
EndGlobal
